{
  "name": "@angulartoolsdr/shared-utils",
  "version": "0.0.1",
  "lockfileVersion": 3,
  "requires": true,
  "packages": {
    "": {
      "name": "@angulartoolsdr/shared-utils",
      "version": "0.0.1",
      "dependencies": {
        "imask": "^7.6.1",
        "smooth-scrollbar": "^8.8.4",
        "sweetalert2": "^11.14.5",
        "tslib": "^2.3.0"
      },
      "peerDependencies": {
        "@angular/common": "^18.2.0",
        "@angular/core": "^18.2.0"
      }
    },
    "node_modules/@angular/common": {
      "version": "18.2.12",
      "resolved": "https://registry.npmjs.org/@angular/common/-/common-18.2.12.tgz",
      "integrity": "sha512-gI5o8Bccsi8ow8Wk2vG4Tw/Rw9LoHEA9j8+qHKNR/55SCBsz68Syg310dSyxy+sApJO2WiqIadr5VP36dlSUFw==",
      "peer": true,
      "dependencies": {
        "tslib": "^2.3.0"
      },
      "engines": {
        "node": "^18.19.1 || ^20.11.1 || >=22.0.0"
      },
      "peerDependencies": {
        "@angular/core": "18.2.12",
        "rxjs": "^6.5.3 || ^7.4.0"
      }
    },
    "node_modules/@angular/core": {
      "version": "18.2.12",
      "resolved": "https://registry.npmjs.org/@angular/core/-/core-18.2.12.tgz",
      "integrity": "sha512-wCf/OObwS6bpM60rk6bpMpCRGp0DlMLB1WNAMtfcaPNyqimVV5Bm98mWRhkOuRyvU3fU7iHhM/10ePVaoyu9+A==",
      "peer": true,
      "dependencies": {
        "tslib": "^2.3.0"
      },
      "engines": {
        "node": "^18.19.1 || ^20.11.1 || >=22.0.0"
      },
      "peerDependencies": {
        "rxjs": "^6.5.3 || ^7.4.0",
        "zone.js": "~0.14.10"
      }
    },
    "node_modules/@babel/runtime-corejs3": {
      "version": "7.26.0",
      "resolved": "https://registry.npmjs.org/@babel/runtime-corejs3/-/runtime-corejs3-7.26.0.tgz",
      "integrity": "sha512-YXHu5lN8kJCb1LOb9PgV6pvak43X2h4HvRApcN5SdWeaItQOzfn1hgP6jasD6KWQyJDBxrVmA9o9OivlnNJK/w==",
      "dependencies": {
        "core-js-pure": "^3.30.2",
        "regenerator-runtime": "^0.14.0"
      },
      "engines": {
        "node": ">=6.9.0"
      }
    },
    "node_modules/core-js": {
      "version": "3.39.0",
      "resolved": "https://registry.npmjs.org/core-js/-/core-js-3.39.0.tgz",
      "integrity": "sha512-raM0ew0/jJUqkJ0E6e8UDtl+y/7ktFivgWvqw8dNSQeNWoSDLvQ1H/RN3aPXB9tBd4/FhyR4RDPGhsNIMsAn7g==",
      "hasInstallScript": true,
      "funding": {
        "type": "opencollective",
        "url": "https://opencollective.com/core-js"
      }
    },
    "node_modules/core-js-pure": {
      "version": "3.39.0",
      "resolved": "https://registry.npmjs.org/core-js-pure/-/core-js-pure-3.39.0.tgz",
      "integrity": "sha512-7fEcWwKI4rJinnK+wLTezeg2smbFFdSBP6E2kQZNbnzM2s1rpKQ6aaRteZSSg7FLU3P0HGGVo/gbpfanU36urg==",
      "hasInstallScript": true,
      "funding": {
        "type": "opencollective",
        "url": "https://opencollective.com/core-js"
      }
    },
    "node_modules/imask": {
      "version": "7.6.1",
      "resolved": "https://registry.npmjs.org/imask/-/imask-7.6.1.tgz",
      "integrity": "sha512-sJlIFM7eathUEMChTh9Mrfw/IgiWgJqBKq2VNbyXvBZ7ev/IlO6/KQTKlV/Fm+viQMLrFLG/zCuudrLIwgK2dg==",
      "dependencies": {
        "@babel/runtime-corejs3": "^7.24.4"
      },
      "engines": {
        "npm": ">=4.0.0"
      }
    },
    "node_modules/regenerator-runtime": {
      "version": "0.14.1",
      "resolved": "https://registry.npmjs.org/regenerator-runtime/-/regenerator-runtime-0.14.1.tgz",
      "integrity": "sha512-dYnhHh0nJoMfnkZs6GmmhFknAGRrLznOu5nc9ML+EJxGvrx6H7teuevqVqCuPcPK//3eDrrjQhehXVx9cnkGdw=="
    },
    "node_modules/rxjs": {
      "version": "7.8.1",
      "resolved": "https://registry.npmjs.org/rxjs/-/rxjs-7.8.1.tgz",
      "integrity": "sha512-AA3TVj+0A2iuIoQkWEK/tqFjBq2j+6PO6Y0zJcvzLAFhEFIO3HL0vls9hWLncZbAAbK0mar7oZ4V079I/qPMxg==",
      "peer": true,
      "dependencies": {
        "tslib": "^2.1.0"
      }
    },
    "node_modules/smooth-scrollbar": {
      "version": "8.8.4",
      "resolved": "https://registry.npmjs.org/smooth-scrollbar/-/smooth-scrollbar-8.8.4.tgz",
      "integrity": "sha512-Wn2Q/iE+PE1ef4EfhFMhgaIMfSrjJl2LalRu0hBWSrw5nZKGsUIjWFWHnLB/Lpx7N+a1pJH6+wkQzBr+5nWPUg==",
      "dependencies": {
        "core-js": "^3.6.4",
        "tslib": "^1.10.0"
      }
    },
    "node_modules/smooth-scrollbar/node_modules/tslib": {
      "version": "1.14.1",
      "resolved": "https://registry.npmjs.org/tslib/-/tslib-1.14.1.tgz",
      "integrity": "sha512-Xni35NKzjgMrwevysHTCArtLDpPvye8zV/0E4EyYn43P7/7qvQwPh9BGkHewbMulVntbigmcT7rdX3BNo9wRJg=="
    },
    "node_modules/sweetalert2": {
      "version": "11.14.5",
      "resolved": "https://registry.npmjs.org/sweetalert2/-/sweetalert2-11.14.5.tgz",
      "integrity": "sha512-8MWk5uc/r6bWhiJWkUXyEuApfXAhSCZT8FFX7pZXL7YwaPxq+9Ynhi2dUzWkOFn9jvLjKj22CXuccZ+IHcnjvQ==",
      "funding": {
        "type": "individual",
        "url": "https://github.com/sponsors/limonte"
      }
    },
    "node_modules/tslib": {
      "version": "2.8.1",
      "resolved": "https://registry.npmjs.org/tslib/-/tslib-2.8.1.tgz",
      "integrity": "sha512-oJFu94HQb+KVduSUQL7wnpmqnfmLsOA/nAh6b6EH0wCEoK0/mPeXU6c3wKDV83MkOuHPRHtSXKKU99IBazS/2w=="
    },
    "node_modules/zone.js": {
      "version": "0.14.10",
      "resolved": "https://registry.npmjs.org/zone.js/-/zone.js-0.14.10.tgz",
      "integrity": "sha512-YGAhaO7J5ywOXW6InXNlLmfU194F8lVgu7bRntUF3TiG8Y3nBK0x1UJJuHUP/e8IyihkjCYqhCScpSwnlaSRkQ==",
      "peer": true
    }
  }
}
